// !$*UTF8*$!
{
	archiveVersion = 1;
	classes = {
	};
	objectVersion = 50;
	objects = {

/* Begin PBXBuildFile section */
		0404810721997F9C00CD251D /* FSDLManager.m in Sources */ = {isa = PBXBuildFile; fileRef = 0404810621997F9C00CD251D /* FSDLManager.m */; };
		0404810A219980B700CD251D /* FSOperation.m in Sources */ = {isa = PBXBuildFile; fileRef = 04048109219980B700CD251D /* FSOperation.m */; };
		0404811A2199864300CD251D /* AFURLResponseSerialization.m in Sources */ = {isa = PBXBuildFile; fileRef = 040481102199864300CD251D /* AFURLResponseSerialization.m */; };
		0404811B2199864300CD251D /* AFHTTPSessionManager.m in Sources */ = {isa = PBXBuildFile; fileRef = 040481112199864300CD251D /* AFHTTPSessionManager.m */; };
		0404811C2199864300CD251D /* AFURLSessionManager.m in Sources */ = {isa = PBXBuildFile; fileRef = 040481132199864300CD251D /* AFURLSessionManager.m */; };
		0404811D2199864300CD251D /* AFURLRequestSerialization.m in Sources */ = {isa = PBXBuildFile; fileRef = 040481142199864300CD251D /* AFURLRequestSerialization.m */; };
		0404811E2199864300CD251D /* AFNetworkReachabilityManager.m in Sources */ = {isa = PBXBuildFile; fileRef = 040481162199864300CD251D /* AFNetworkReachabilityManager.m */; };
		0404811F2199864300CD251D /* AFSecurityPolicy.m in Sources */ = {isa = PBXBuildFile; fileRef = 040481172199864300CD251D /* AFSecurityPolicy.m */; };
		040481222199B2BA00CD251D /* FSDataTaskDelegate.m in Sources */ = {isa = PBXBuildFile; fileRef = 040481212199B2BA00CD251D /* FSDataTaskDelegate.m */; };
		0404812B2199CBA700CD251D /* FSController07.m in Sources */ = {isa = PBXBuildFile; fileRef = 0404812A2199CBA700CD251D /* FSController07.m */; };
		0404812E219AC90000CD251D /* FSTaskListController07.m in Sources */ = {isa = PBXBuildFile; fileRef = 0404812D219AC90000CD251D /* FSTaskListController07.m */; };
		04048131219AC92300CD251D /* FSDownloadListController07.m in Sources */ = {isa = PBXBuildFile; fileRef = 04048130219AC92300CD251D /* FSDownloadListController07.m */; };
		04048134219AC93F00CD251D /* FSTaskListCell07.m in Sources */ = {isa = PBXBuildFile; fileRef = 04048133219AC93F00CD251D /* FSTaskListCell07.m */; };
		04048137219AC95D00CD251D /* FSDownloadListCell07.m in Sources */ = {isa = PBXBuildFile; fileRef = 04048136219AC95D00CD251D /* FSDownloadListCell07.m */; };
		0404813A219ACC3F00CD251D /* FSDLManager07.m in Sources */ = {isa = PBXBuildFile; fileRef = 04048139219ACC3F00CD251D /* FSDLManager07.m */; };
		04AAE051217D986D00CC14CC /* AppDelegate.m in Sources */ = {isa = PBXBuildFile; fileRef = 04AAE050217D986D00CC14CC /* AppDelegate.m */; };
		04AAE054217D986D00CC14CC /* ViewController.m in Sources */ = {isa = PBXBuildFile; fileRef = 04AAE053217D986D00CC14CC /* ViewController.m */; };
		04AAE059217D986F00CC14CC /* Assets.xcassets in Resources */ = {isa = PBXBuildFile; fileRef = 04AAE058217D986F00CC14CC /* Assets.xcassets */; };
		04AAE05C217D986F00CC14CC /* LaunchScreen.storyboard in Resources */ = {isa = PBXBuildFile; fileRef = 04AAE05A217D986F00CC14CC /* LaunchScreen.storyboard */; };
		04AAE05F217D986F00CC14CC /* main.m in Sources */ = {isa = PBXBuildFile; fileRef = 04AAE05E217D986F00CC14CC /* main.m */; };
		04AAE071217E0F7D00CC14CC /* FSBaseViewController.m in Sources */ = {isa = PBXBuildFile; fileRef = 04AAE06F217E0F7D00CC14CC /* FSBaseViewController.m */; };
		04AAE074217E0FE100CC14CC /* FSMainVC.m in Sources */ = {isa = PBXBuildFile; fileRef = 04AAE073217E0FE100CC14CC /* FSMainVC.m */; };
		04AAE077217E114300CC14CC /* FSController01.m in Sources */ = {isa = PBXBuildFile; fileRef = 04AAE076217E114300CC14CC /* FSController01.m */; };
		04AAE07E217EEC3100CC14CC /* FSDownloadTaskDownloader.m in Sources */ = {isa = PBXBuildFile; fileRef = 04AAE07D217EEC3100CC14CC /* FSDownloadTaskDownloader.m */; };
		04AAE083217EF89500CC14CC /* FSController02.m in Sources */ = {isa = PBXBuildFile; fileRef = 04AAE082217EF89500CC14CC /* FSController02.m */; };
		04AAE086217F17EB00CC14CC /* FSDataTaskDownloader.m in Sources */ = {isa = PBXBuildFile; fileRef = 04AAE085217F17EB00CC14CC /* FSDataTaskDownloader.m */; };
		04B97BD3217F5C6200AD7C42 /* FSTaskCell.m in Sources */ = {isa = PBXBuildFile; fileRef = 04B97BD2217F5C6100AD7C42 /* FSTaskCell.m */; };
		04B97BDA217F5F1A00AD7C42 /* UIView+Frame.m in Sources */ = {isa = PBXBuildFile; fileRef = 04B97BD8217F5F1A00AD7C42 /* UIView+Frame.m */; };
		04B97BDF2180183600AD7C42 /* FSController03.m in Sources */ = {isa = PBXBuildFile; fileRef = 04B97BDE2180183600AD7C42 /* FSController03.m */; };
		04B97BE321801DF600AD7C42 /* FSDownloadTaskManager.m in Sources */ = {isa = PBXBuildFile; fileRef = 04B97BE221801DF600AD7C42 /* FSDownloadTaskManager.m */; };
		04B97BEA218048A200AD7C42 /* XMLDictionary.m in Sources */ = {isa = PBXBuildFile; fileRef = 04B97BE9218048A200AD7C42 /* XMLDictionary.m */; };
		04B97C5321806C2900AD7C42 /* FSDownloadTaskItem.m in Sources */ = {isa = PBXBuildFile; fileRef = 04B97C5221806C2900AD7C42 /* FSDownloadTaskItem.m */; };
		04B97C5621806EDD00AD7C42 /* FSDownloadOperation.m in Sources */ = {isa = PBXBuildFile; fileRef = 04B97C5521806EDD00AD7C42 /* FSDownloadOperation.m */; };
		04C7E0282188554200009F87 /* FSConstance.m in Sources */ = {isa = PBXBuildFile; fileRef = 04C7E0272188554200009F87 /* FSConstance.m */; };
		04E61B6C219556FB00FF1DED /* FSController04.m in Sources */ = {isa = PBXBuildFile; fileRef = 04E61B6B219556FB00FF1DED /* FSController04.m */; };
		04E61B6F21955B0A00FF1DED /* FSDataTaskManager.m in Sources */ = {isa = PBXBuildFile; fileRef = 04E61B6E21955B0A00FF1DED /* FSDataTaskManager.m */; };
		04E61B7221955C4000FF1DED /* FSDataTaskOperation.m in Sources */ = {isa = PBXBuildFile; fileRef = 04E61B7121955C4000FF1DED /* FSDataTaskOperation.m */; };
		04E61B76219567EE00FF1DED /* FSController05.m in Sources */ = {isa = PBXBuildFile; fileRef = 04E61B75219567EE00FF1DED /* FSController05.m */; };
		04E61B7A2195685400FF1DED /* FSFileItem.m in Sources */ = {isa = PBXBuildFile; fileRef = 04E61B792195685400FF1DED /* FSFileItem.m */; };
		04E61B7D2195697A00FF1DED /* FSCell05.m in Sources */ = {isa = PBXBuildFile; fileRef = 04E61B7C2195697A00FF1DED /* FSCell05.m */; };
		04E61B8021956A4700FF1DED /* FSTaskListController.m in Sources */ = {isa = PBXBuildFile; fileRef = 04E61B7F21956A4700FF1DED /* FSTaskListController.m */; };
		04E61B8321956A5700FF1DED /* FSDownloadListController.m in Sources */ = {isa = PBXBuildFile; fileRef = 04E61B8221956A5700FF1DED /* FSDownloadListController.m */; };
		04E61B862195769B00FF1DED /* FSFileDownloadTool.m in Sources */ = {isa = PBXBuildFile; fileRef = 04E61B852195769B00FF1DED /* FSFileDownloadTool.m */; };
		04E61B89219580A900FF1DED /* FSTaskListCell.m in Sources */ = {isa = PBXBuildFile; fileRef = 04E61B88219580A900FF1DED /* FSTaskListCell.m */; };
		04E61B8C219580C700FF1DED /* FSDownloadListCell.m in Sources */ = {isa = PBXBuildFile; fileRef = 04E61B8B219580C700FF1DED /* FSDownloadListCell.m */; };
		04E61B8F2196CB7F00FF1DED /* FSDataTaskConstance.m in Sources */ = {isa = PBXBuildFile; fileRef = 04E61B8E2196CB7F00FF1DED /* FSDataTaskConstance.m */; };
		04E61B942196EC6500FF1DED /* FSController06.m in Sources */ = {isa = PBXBuildFile; fileRef = 04E61B932196EC6500FF1DED /* FSController06.m */; };
/* End PBXBuildFile section */

/* Begin PBXFileReference section */
		0404810521997F9C00CD251D /* FSDLManager.h */ = {isa = PBXFileReference; lastKnownFileType = sourcecode.c.h; path = FSDLManager.h; sourceTree = "<group>"; };
		0404810621997F9C00CD251D /* FSDLManager.m */ = {isa = PBXFileReference; lastKnownFileType = sourcecode.c.objc; path = FSDLManager.m; sourceTree = "<group>"; };
		04048108219980B700CD251D /* FSOperation.h */ = {isa = PBXFileReference; lastKnownFileType = sourcecode.c.h; path = FSOperation.h; sourceTree = "<group>"; };
		04048109219980B700CD251D /* FSOperation.m */ = {isa = PBXFileReference; lastKnownFileType = sourcecode.c.objc; path = FSOperation.m; sourceTree = "<group>"; };
		0404810C2199864300CD251D /* AFSecurityPolicy.h */ = {isa = PBXFileReference; fileEncoding = 4; lastKnownFileType = sourcecode.c.h; path = AFSecurityPolicy.h; sourceTree = "<group>"; };
		0404810D2199864300CD251D /* AFNetworkReachabilityManager.h */ = {isa = PBXFileReference; fileEncoding = 4; lastKnownFileType = sourcecode.c.h; path = AFNetworkReachabilityManager.h; sourceTree = "<group>"; };
		0404810E2199864300CD251D /* AFURLSessionManager.h */ = {isa = PBXFileReference; fileEncoding = 4; lastKnownFileType = sourcecode.c.h; path = AFURLSessionManager.h; sourceTree = "<group>"; };
		0404810F2199864300CD251D /* AFURLRequestSerialization.h */ = {isa = PBXFileReference; fileEncoding = 4; lastKnownFileType = sourcecode.c.h; path = AFURLRequestSerialization.h; sourceTree = "<group>"; };
		040481102199864300CD251D /* AFURLResponseSerialization.m */ = {isa = PBXFileReference; fileEncoding = 4; lastKnownFileType = sourcecode.c.objc; path = AFURLResponseSerialization.m; sourceTree = "<group>"; };
		040481112199864300CD251D /* AFHTTPSessionManager.m */ = {isa = PBXFileReference; fileEncoding = 4; lastKnownFileType = sourcecode.c.objc; path = AFHTTPSessionManager.m; sourceTree = "<group>"; };
		040481122199864300CD251D /* AFURLResponseSerialization.h */ = {isa = PBXFileReference; fileEncoding = 4; lastKnownFileType = sourcecode.c.h; path = AFURLResponseSerialization.h; sourceTree = "<group>"; };
		040481132199864300CD251D /* AFURLSessionManager.m */ = {isa = PBXFileReference; fileEncoding = 4; lastKnownFileType = sourcecode.c.objc; path = AFURLSessionManager.m; sourceTree = "<group>"; };
		040481142199864300CD251D /* AFURLRequestSerialization.m */ = {isa = PBXFileReference; fileEncoding = 4; lastKnownFileType = sourcecode.c.objc; path = AFURLRequestSerialization.m; sourceTree = "<group>"; };
		040481152199864300CD251D /* AFNetworking.h */ = {isa = PBXFileReference; fileEncoding = 4; lastKnownFileType = sourcecode.c.h; path = AFNetworking.h; sourceTree = "<group>"; };
		040481162199864300CD251D /* AFNetworkReachabilityManager.m */ = {isa = PBXFileReference; fileEncoding = 4; lastKnownFileType = sourcecode.c.objc; path = AFNetworkReachabilityManager.m; sourceTree = "<group>"; };
		040481172199864300CD251D /* AFSecurityPolicy.m */ = {isa = PBXFileReference; fileEncoding = 4; lastKnownFileType = sourcecode.c.objc; path = AFSecurityPolicy.m; sourceTree = "<group>"; };
		040481182199864300CD251D /* AFCompatibilityMacros.h */ = {isa = PBXFileReference; fileEncoding = 4; lastKnownFileType = sourcecode.c.h; path = AFCompatibilityMacros.h; sourceTree = "<group>"; };
		040481192199864300CD251D /* AFHTTPSessionManager.h */ = {isa = PBXFileReference; fileEncoding = 4; lastKnownFileType = sourcecode.c.h; path = AFHTTPSessionManager.h; sourceTree = "<group>"; };
		040481202199B2BA00CD251D /* FSDataTaskDelegate.h */ = {isa = PBXFileReference; lastKnownFileType = sourcecode.c.h; path = FSDataTaskDelegate.h; sourceTree = "<group>"; };
		040481212199B2BA00CD251D /* FSDataTaskDelegate.m */ = {isa = PBXFileReference; lastKnownFileType = sourcecode.c.objc; path = FSDataTaskDelegate.m; sourceTree = "<group>"; };
		040481272199C78400CD251D /* FSTaskProtocol.h */ = {isa = PBXFileReference; fileEncoding = 4; lastKnownFileType = sourcecode.c.h; path = FSTaskProtocol.h; sourceTree = "<group>"; };
		040481292199CBA700CD251D /* FSController07.h */ = {isa = PBXFileReference; lastKnownFileType = sourcecode.c.h; path = FSController07.h; sourceTree = "<group>"; };
		0404812A2199CBA700CD251D /* FSController07.m */ = {isa = PBXFileReference; lastKnownFileType = sourcecode.c.objc; path = FSController07.m; sourceTree = "<group>"; };
		0404812C219AC90000CD251D /* FSTaskListController07.h */ = {isa = PBXFileReference; lastKnownFileType = sourcecode.c.h; path = FSTaskListController07.h; sourceTree = "<group>"; };
		0404812D219AC90000CD251D /* FSTaskListController07.m */ = {isa = PBXFileReference; lastKnownFileType = sourcecode.c.objc; path = FSTaskListController07.m; sourceTree = "<group>"; };
		0404812F219AC92300CD251D /* FSDownloadListController07.h */ = {isa = PBXFileReference; lastKnownFileType = sourcecode.c.h; path = FSDownloadListController07.h; sourceTree = "<group>"; };
		04048130219AC92300CD251D /* FSDownloadListController07.m */ = {isa = PBXFileReference; lastKnownFileType = sourcecode.c.objc; path = FSDownloadListController07.m; sourceTree = "<group>"; };
		04048132219AC93F00CD251D /* FSTaskListCell07.h */ = {isa = PBXFileReference; lastKnownFileType = sourcecode.c.h; path = FSTaskListCell07.h; sourceTree = "<group>"; };
		04048133219AC93F00CD251D /* FSTaskListCell07.m */ = {isa = PBXFileReference; lastKnownFileType = sourcecode.c.objc; path = FSTaskListCell07.m; sourceTree = "<group>"; };
		04048135219AC95D00CD251D /* FSDownloadListCell07.h */ = {isa = PBXFileReference; lastKnownFileType = sourcecode.c.h; path = FSDownloadListCell07.h; sourceTree = "<group>"; };
		04048136219AC95D00CD251D /* FSDownloadListCell07.m */ = {isa = PBXFileReference; lastKnownFileType = sourcecode.c.objc; path = FSDownloadListCell07.m; sourceTree = "<group>"; };
		04048138219ACC3F00CD251D /* FSDLManager07.h */ = {isa = PBXFileReference; lastKnownFileType = sourcecode.c.h; path = FSDLManager07.h; sourceTree = "<group>"; };
		04048139219ACC3F00CD251D /* FSDLManager07.m */ = {isa = PBXFileReference; lastKnownFileType = sourcecode.c.objc; path = FSDLManager07.m; sourceTree = "<group>"; };
		04AAE04C217D986D00CC14CC /* FSNetwork.app */ = {isa = PBXFileReference; explicitFileType = wrapper.application; includeInIndex = 0; path = FSNetwork.app; sourceTree = BUILT_PRODUCTS_DIR; };
		04AAE04F217D986D00CC14CC /* AppDelegate.h */ = {isa = PBXFileReference; lastKnownFileType = sourcecode.c.h; path = AppDelegate.h; sourceTree = "<group>"; };
		04AAE050217D986D00CC14CC /* AppDelegate.m */ = {isa = PBXFileReference; lastKnownFileType = sourcecode.c.objc; path = AppDelegate.m; sourceTree = "<group>"; };
		04AAE052217D986D00CC14CC /* ViewController.h */ = {isa = PBXFileReference; lastKnownFileType = sourcecode.c.h; path = ViewController.h; sourceTree = "<group>"; };
		04AAE053217D986D00CC14CC /* ViewController.m */ = {isa = PBXFileReference; lastKnownFileType = sourcecode.c.objc; path = ViewController.m; sourceTree = "<group>"; };
		04AAE058217D986F00CC14CC /* Assets.xcassets */ = {isa = PBXFileReference; lastKnownFileType = folder.assetcatalog; path = Assets.xcassets; sourceTree = "<group>"; };
		04AAE05B217D986F00CC14CC /* Base */ = {isa = PBXFileReference; lastKnownFileType = file.storyboard; name = Base; path = Base.lproj/LaunchScreen.storyboard; sourceTree = "<group>"; };
		04AAE05D217D986F00CC14CC /* Info.plist */ = {isa = PBXFileReference; lastKnownFileType = text.plist.xml; path = Info.plist; sourceTree = "<group>"; };
		04AAE05E217D986F00CC14CC /* main.m */ = {isa = PBXFileReference; lastKnownFileType = sourcecode.c.objc; path = main.m; sourceTree = "<group>"; };
		04AAE068217E0D6500CC14CC /* SystemConfiguration.framework */ = {isa = PBXFileReference; lastKnownFileType = wrapper.framework; name = SystemConfiguration.framework; path = System/Library/Frameworks/SystemConfiguration.framework; sourceTree = SDKROOT; };
		04AAE06F217E0F7D00CC14CC /* FSBaseViewController.m */ = {isa = PBXFileReference; fileEncoding = 4; lastKnownFileType = sourcecode.c.objc; path = FSBaseViewController.m; sourceTree = "<group>"; };
		04AAE070217E0F7D00CC14CC /* FSBaseViewController.h */ = {isa = PBXFileReference; fileEncoding = 4; lastKnownFileType = sourcecode.c.h; path = FSBaseViewController.h; sourceTree = "<group>"; };
		04AAE072217E0FE100CC14CC /* FSMainVC.h */ = {isa = PBXFileReference; lastKnownFileType = sourcecode.c.h; path = FSMainVC.h; sourceTree = "<group>"; };
		04AAE073217E0FE100CC14CC /* FSMainVC.m */ = {isa = PBXFileReference; lastKnownFileType = sourcecode.c.objc; path = FSMainVC.m; sourceTree = "<group>"; };
		04AAE075217E114300CC14CC /* FSController01.h */ = {isa = PBXFileReference; lastKnownFileType = sourcecode.c.h; path = FSController01.h; sourceTree = "<group>"; };
		04AAE076217E114300CC14CC /* FSController01.m */ = {isa = PBXFileReference; lastKnownFileType = sourcecode.c.objc; path = FSController01.m; sourceTree = "<group>"; };
		04AAE07C217EEC3100CC14CC /* FSDownloadTaskDownloader.h */ = {isa = PBXFileReference; lastKnownFileType = sourcecode.c.h; path = FSDownloadTaskDownloader.h; sourceTree = "<group>"; };
		04AAE07D217EEC3100CC14CC /* FSDownloadTaskDownloader.m */ = {isa = PBXFileReference; lastKnownFileType = sourcecode.c.objc; path = FSDownloadTaskDownloader.m; sourceTree = "<group>"; };
		04AAE081217EF89500CC14CC /* FSController02.h */ = {isa = PBXFileReference; lastKnownFileType = sourcecode.c.h; path = FSController02.h; sourceTree = "<group>"; };
		04AAE082217EF89500CC14CC /* FSController02.m */ = {isa = PBXFileReference; lastKnownFileType = sourcecode.c.objc; path = FSController02.m; sourceTree = "<group>"; };
		04AAE084217F17EB00CC14CC /* FSDataTaskDownloader.h */ = {isa = PBXFileReference; lastKnownFileType = sourcecode.c.h; path = FSDataTaskDownloader.h; sourceTree = "<group>"; };
		04AAE085217F17EB00CC14CC /* FSDataTaskDownloader.m */ = {isa = PBXFileReference; lastKnownFileType = sourcecode.c.objc; path = FSDataTaskDownloader.m; sourceTree = "<group>"; };
		04B97BD1217F5C6100AD7C42 /* FSTaskCell.h */ = {isa = PBXFileReference; lastKnownFileType = sourcecode.c.h; path = FSTaskCell.h; sourceTree = "<group>"; };
		04B97BD2217F5C6100AD7C42 /* FSTaskCell.m */ = {isa = PBXFileReference; lastKnownFileType = sourcecode.c.objc; path = FSTaskCell.m; sourceTree = "<group>"; };
		04B97BD8217F5F1A00AD7C42 /* UIView+Frame.m */ = {isa = PBXFileReference; fileEncoding = 4; lastKnownFileType = sourcecode.c.objc; path = "UIView+Frame.m"; sourceTree = "<group>"; };
		04B97BD9217F5F1A00AD7C42 /* UIView+Frame.h */ = {isa = PBXFileReference; fileEncoding = 4; lastKnownFileType = sourcecode.c.h; path = "UIView+Frame.h"; sourceTree = "<group>"; };
		04B97BDC217F5F4A00AD7C42 /* PrefixHeader.pch */ = {isa = PBXFileReference; lastKnownFileType = sourcecode.c.h; path = PrefixHeader.pch; sourceTree = "<group>"; };
		04B97BDD2180183600AD7C42 /* FSController03.h */ = {isa = PBXFileReference; lastKnownFileType = sourcecode.c.h; path = FSController03.h; sourceTree = "<group>"; };
		04B97BDE2180183600AD7C42 /* FSController03.m */ = {isa = PBXFileReference; lastKnownFileType = sourcecode.c.objc; path = FSController03.m; sourceTree = "<group>"; };
		04B97BE121801DF600AD7C42 /* FSDownloadTaskManager.h */ = {isa = PBXFileReference; lastKnownFileType = sourcecode.c.h; path = FSDownloadTaskManager.h; sourceTree = "<group>"; };
		04B97BE221801DF600AD7C42 /* FSDownloadTaskManager.m */ = {isa = PBXFileReference; lastKnownFileType = sourcecode.c.objc; path = FSDownloadTaskManager.m; sourceTree = "<group>"; };
		04B97BE8218048A200AD7C42 /* XMLDictionary.h */ = {isa = PBXFileReference; fileEncoding = 4; lastKnownFileType = sourcecode.c.h; path = XMLDictionary.h; sourceTree = "<group>"; };
		04B97BE9218048A200AD7C42 /* XMLDictionary.m */ = {isa = PBXFileReference; fileEncoding = 4; lastKnownFileType = sourcecode.c.objc; path = XMLDictionary.m; sourceTree = "<group>"; };
		04B97C5121806C2900AD7C42 /* FSDownloadTaskItem.h */ = {isa = PBXFileReference; lastKnownFileType = sourcecode.c.h; path = FSDownloadTaskItem.h; sourceTree = "<group>"; };
		04B97C5221806C2900AD7C42 /* FSDownloadTaskItem.m */ = {isa = PBXFileReference; lastKnownFileType = sourcecode.c.objc; path = FSDownloadTaskItem.m; sourceTree = "<group>"; };
		04B97C5421806EDD00AD7C42 /* FSDownloadOperation.h */ = {isa = PBXFileReference; lastKnownFileType = sourcecode.c.h; path = FSDownloadOperation.h; sourceTree = "<group>"; };
		04B97C5521806EDD00AD7C42 /* FSDownloadOperation.m */ = {isa = PBXFileReference; lastKnownFileType = sourcecode.c.objc; path = FSDownloadOperation.m; sourceTree = "<group>"; };
		04C7E0262188554200009F87 /* FSConstance.h */ = {isa = PBXFileReference; lastKnownFileType = sourcecode.c.h; path = FSConstance.h; sourceTree = "<group>"; };
		04C7E0272188554200009F87 /* FSConstance.m */ = {isa = PBXFileReference; lastKnownFileType = sourcecode.c.objc; path = FSConstance.m; sourceTree = "<group>"; };
		04E61B6A219556FB00FF1DED /* FSController04.h */ = {isa = PBXFileReference; lastKnownFileType = sourcecode.c.h; path = FSController04.h; sourceTree = "<group>"; };
		04E61B6B219556FB00FF1DED /* FSController04.m */ = {isa = PBXFileReference; lastKnownFileType = sourcecode.c.objc; path = FSController04.m; sourceTree = "<group>"; };
		04E61B6D21955B0A00FF1DED /* FSDataTaskManager.h */ = {isa = PBXFileReference; lastKnownFileType = sourcecode.c.h; path = FSDataTaskManager.h; sourceTree = "<group>"; };
		04E61B6E21955B0A00FF1DED /* FSDataTaskManager.m */ = {isa = PBXFileReference; lastKnownFileType = sourcecode.c.objc; path = FSDataTaskManager.m; sourceTree = "<group>"; };
		04E61B7021955C4000FF1DED /* FSDataTaskOperation.h */ = {isa = PBXFileReference; lastKnownFileType = sourcecode.c.h; path = FSDataTaskOperation.h; sourceTree = "<group>"; };
		04E61B7121955C4000FF1DED /* FSDataTaskOperation.m */ = {isa = PBXFileReference; lastKnownFileType = sourcecode.c.objc; path = FSDataTaskOperation.m; sourceTree = "<group>"; };
		04E61B7321955D7200FF1DED /* FSDataTaskItem.h */ = {isa = PBXFileReference; lastKnownFileType = sourcecode.c.h; path = FSDataTaskItem.h; sourceTree = "<group>"; };
		04E61B74219567EE00FF1DED /* FSController05.h */ = {isa = PBXFileReference; lastKnownFileType = sourcecode.c.h; path = FSController05.h; sourceTree = "<group>"; };
		04E61B75219567EE00FF1DED /* FSController05.m */ = {isa = PBXFileReference; lastKnownFileType = sourcecode.c.objc; path = FSController05.m; sourceTree = "<group>"; };
		04E61B782195685400FF1DED /* FSFileItem.h */ = {isa = PBXFileReference; lastKnownFileType = sourcecode.c.h; path = FSFileItem.h; sourceTree = "<group>"; };
		04E61B792195685400FF1DED /* FSFileItem.m */ = {isa = PBXFileReference; lastKnownFileType = sourcecode.c.objc; path = FSFileItem.m; sourceTree = "<group>"; };
		04E61B7B2195697A00FF1DED /* FSCell05.h */ = {isa = PBXFileReference; lastKnownFileType = sourcecode.c.h; path = FSCell05.h; sourceTree = "<group>"; };
		04E61B7C2195697A00FF1DED /* FSCell05.m */ = {isa = PBXFileReference; lastKnownFileType = sourcecode.c.objc; path = FSCell05.m; sourceTree = "<group>"; };
		04E61B7E21956A4700FF1DED /* FSTaskListController.h */ = {isa = PBXFileReference; lastKnownFileType = sourcecode.c.h; path = FSTaskListController.h; sourceTree = "<group>"; };
		04E61B7F21956A4700FF1DED /* FSTaskListController.m */ = {isa = PBXFileReference; lastKnownFileType = sourcecode.c.objc; path = FSTaskListController.m; sourceTree = "<group>"; };
		04E61B8121956A5700FF1DED /* FSDownloadListController.h */ = {isa = PBXFileReference; lastKnownFileType = sourcecode.c.h; path = FSDownloadListController.h; sourceTree = "<group>"; };
		04E61B8221956A5700FF1DED /* FSDownloadListController.m */ = {isa = PBXFileReference; lastKnownFileType = sourcecode.c.objc; path = FSDownloadListController.m; sourceTree = "<group>"; };
		04E61B842195769B00FF1DED /* FSFileDownloadTool.h */ = {isa = PBXFileReference; lastKnownFileType = sourcecode.c.h; path = FSFileDownloadTool.h; sourceTree = "<group>"; };
		04E61B852195769B00FF1DED /* FSFileDownloadTool.m */ = {isa = PBXFileReference; lastKnownFileType = sourcecode.c.objc; path = FSFileDownloadTool.m; sourceTree = "<group>"; };
		04E61B87219580A900FF1DED /* FSTaskListCell.h */ = {isa = PBXFileReference; lastKnownFileType = sourcecode.c.h; path = FSTaskListCell.h; sourceTree = "<group>"; };
		04E61B88219580A900FF1DED /* FSTaskListCell.m */ = {isa = PBXFileReference; lastKnownFileType = sourcecode.c.objc; path = FSTaskListCell.m; sourceTree = "<group>"; };
		04E61B8A219580C700FF1DED /* FSDownloadListCell.h */ = {isa = PBXFileReference; lastKnownFileType = sourcecode.c.h; path = FSDownloadListCell.h; sourceTree = "<group>"; };
		04E61B8B219580C700FF1DED /* FSDownloadListCell.m */ = {isa = PBXFileReference; lastKnownFileType = sourcecode.c.objc; path = FSDownloadListCell.m; sourceTree = "<group>"; };
		04E61B8D2196CB7F00FF1DED /* FSDataTaskConstance.h */ = {isa = PBXFileReference; lastKnownFileType = sourcecode.c.h; path = FSDataTaskConstance.h; sourceTree = "<group>"; };
		04E61B8E2196CB7F00FF1DED /* FSDataTaskConstance.m */ = {isa = PBXFileReference; lastKnownFileType = sourcecode.c.objc; path = FSDataTaskConstance.m; sourceTree = "<group>"; };
		04E61B922196EC6500FF1DED /* FSController06.h */ = {isa = PBXFileReference; lastKnownFileType = sourcecode.c.h; path = FSController06.h; sourceTree = "<group>"; };
		04E61B932196EC6500FF1DED /* FSController06.m */ = {isa = PBXFileReference; lastKnownFileType = sourcecode.c.objc; path = FSController06.m; sourceTree = "<group>"; };
/* End PBXFileReference section */

/* Begin PBXFrameworksBuildPhase section */
		04AAE049217D986D00CC14CC /* Frameworks */ = {
			isa = PBXFrameworksBuildPhase;
			buildActionMask = 2147483647;
			files = (
			);
			runOnlyForDeploymentPostprocessing = 0;
		};
/* End PBXFrameworksBuildPhase section */

/* Begin PBXGroup section */
		0404810B2199864300CD251D /* AFNetworking */ = {
			isa = PBXGroup;
			children = (
				040481182199864300CD251D /* AFCompatibilityMacros.h */,
				040481192199864300CD251D /* AFHTTPSessionManager.h */,
				040481112199864300CD251D /* AFHTTPSessionManager.m */,
				040481152199864300CD251D /* AFNetworking.h */,
				0404810D2199864300CD251D /* AFNetworkReachabilityManager.h */,
				040481162199864300CD251D /* AFNetworkReachabilityManager.m */,
				0404810C2199864300CD251D /* AFSecurityPolicy.h */,
				040481172199864300CD251D /* AFSecurityPolicy.m */,
				0404810F2199864300CD251D /* AFURLRequestSerialization.h */,
				040481142199864300CD251D /* AFURLRequestSerialization.m */,
				040481122199864300CD251D /* AFURLResponseSerialization.h */,
				040481102199864300CD251D /* AFURLResponseSerialization.m */,
				0404810E2199864300CD251D /* AFURLSessionManager.h */,
				040481132199864300CD251D /* AFURLSessionManager.m */,
			);
			path = AFNetworking;
			sourceTree = "<group>";
		};
		040481282199CB8900CD251D /* FSController07 */ = {
			isa = PBXGroup;
			children = (
				040481292199CBA700CD251D /* FSController07.h */,
				0404812A2199CBA700CD251D /* FSController07.m */,
				0404812C219AC90000CD251D /* FSTaskListController07.h */,
				0404812D219AC90000CD251D /* FSTaskListController07.m */,
				0404812F219AC92300CD251D /* FSDownloadListController07.h */,
				04048130219AC92300CD251D /* FSDownloadListController07.m */,
				04048132219AC93F00CD251D /* FSTaskListCell07.h */,
				04048133219AC93F00CD251D /* FSTaskListCell07.m */,
				04048135219AC95D00CD251D /* FSDownloadListCell07.h */,
				04048136219AC95D00CD251D /* FSDownloadListCell07.m */,
				04048138219ACC3F00CD251D /* FSDLManager07.h */,
				04048139219ACC3F00CD251D /* FSDLManager07.m */,
			);
			path = FSController07;
			sourceTree = "<group>";
		};
		04AAE043217D986D00CC14CC = {
			isa = PBXGroup;
			children = (
				04AAE04E217D986D00CC14CC /* FSNetwork */,
				04AAE04D217D986D00CC14CC /* Products */,
				04AAE067217E0D6500CC14CC /* Frameworks */,
			);
			sourceTree = "<group>";
		};
		04AAE04D217D986D00CC14CC /* Products */ = {
			isa = PBXGroup;
			children = (
				04AAE04C217D986D00CC14CC /* FSNetwork.app */,
			);
			name = Products;
			sourceTree = "<group>";
		};
		04AAE04E217D986D00CC14CC /* FSNetwork */ = {
			isa = PBXGroup;
			children = (
				04B97BD6217F5EB500AD7C42 /* Classes */,
				04B97BD5217F5E7C00AD7C42 /* Support */,
			);
			path = FSNetwork;
			sourceTree = "<group>";
		};
		04AAE067217E0D6500CC14CC /* Frameworks */ = {
			isa = PBXGroup;
			children = (
				04AAE068217E0D6500CC14CC /* SystemConfiguration.framework */,
			);
			name = Frameworks;
			sourceTree = "<group>";
		};
		04AAE06D217E0F7D00CC14CC /* Controllers */ = {
			isa = PBXGroup;
			children = (
				04AAE06E217E0F7D00CC14CC /* Base */,
				04AAE075217E114300CC14CC /* FSController01.h */,
				04AAE076217E114300CC14CC /* FSController01.m */,
				04AAE080217EF87C00CC14CC /* FSController02 */,
				04B97BDD2180183600AD7C42 /* FSController03.h */,
				04B97BDE2180183600AD7C42 /* FSController03.m */,
				04E61B6A219556FB00FF1DED /* FSController04.h */,
				04E61B6B219556FB00FF1DED /* FSController04.m */,
				04E61B77219567F400FF1DED /* FSController05 */,
				04E61B912196EC4800FF1DED /* FSController06 */,
				040481282199CB8900CD251D /* FSController07 */,
			);
			path = Controllers;
			sourceTree = "<group>";
		};
		04AAE06E217E0F7D00CC14CC /* Base */ = {
			isa = PBXGroup;
			children = (
				04AAE070217E0F7D00CC14CC /* FSBaseViewController.h */,
				04AAE06F217E0F7D00CC14CC /* FSBaseViewController.m */,
				04AAE072217E0FE100CC14CC /* FSMainVC.h */,
				04AAE073217E0FE100CC14CC /* FSMainVC.m */,
			);
			path = Base;
			sourceTree = "<group>";
		};
		04AAE07B217EEA9F00CC14CC /* Util */ = {
			isa = PBXGroup;
			children = (
				04B97BE7218048A200AD7C42 /* XMLDictionary */,
				04AAE07F217EECA200CC14CC /* Network */,
				04C7E0262188554200009F87 /* FSConstance.h */,
				04C7E0272188554200009F87 /* FSConstance.m */,
			);
			path = Util;
			sourceTree = "<group>";
		};
		04AAE07F217EECA200CC14CC /* Network */ = {
			isa = PBXGroup;
			children = (
				04E61B692195566500FF1DED /* DataTask */,
				04B97BE021801DD100AD7C42 /* DownloadTask */,
			);
			path = Network;
			sourceTree = "<group>";
		};
		04AAE080217EF87C00CC14CC /* FSController02 */ = {
			isa = PBXGroup;
			children = (
				04AAE081217EF89500CC14CC /* FSController02.h */,
				04AAE082217EF89500CC14CC /* FSController02.m */,
				04B97BD1217F5C6100AD7C42 /* FSTaskCell.h */,
				04B97BD2217F5C6100AD7C42 /* FSTaskCell.m */,
			);
			path = FSController02;
			sourceTree = "<group>";
		};
		04B97BD4217F5E6B00AD7C42 /* Other */ = {
			isa = PBXGroup;
			children = (
				04AAE04F217D986D00CC14CC /* AppDelegate.h */,
				04AAE050217D986D00CC14CC /* AppDelegate.m */,
				04AAE052217D986D00CC14CC /* ViewController.h */,
				04AAE053217D986D00CC14CC /* ViewController.m */,
			);
			path = Other;
			sourceTree = "<group>";
		};
		04B97BD5217F5E7C00AD7C42 /* Support */ = {
			isa = PBXGroup;
			children = (
				04AAE058217D986F00CC14CC /* Assets.xcassets */,
				04AAE05D217D986F00CC14CC /* Info.plist */,
				04AAE05A217D986F00CC14CC /* LaunchScreen.storyboard */,
				04AAE05E217D986F00CC14CC /* main.m */,
				04B97BDC217F5F4A00AD7C42 /* PrefixHeader.pch */,
			);
			name = Support;
			sourceTree = "<group>";
		};
		04B97BD6217F5EB500AD7C42 /* Classes */ = {
			isa = PBXGroup;
			children = (
				0404810B2199864300CD251D /* AFNetworking */,
				04B97BD7217F5EDC00AD7C42 /* Catrgory */,
				04AAE06D217E0F7D00CC14CC /* Controllers */,
				04B97BD4217F5E6B00AD7C42 /* Other */,
				04AAE07B217EEA9F00CC14CC /* Util */,
			);
			path = Classes;
			sourceTree = "<group>";
		};
		04B97BD7217F5EDC00AD7C42 /* Catrgory */ = {
			isa = PBXGroup;
			children = (
				04B97BD9217F5F1A00AD7C42 /* UIView+Frame.h */,
				04B97BD8217F5F1A00AD7C42 /* UIView+Frame.m */,
			);
			path = Catrgory;
			sourceTree = "<group>";
		};
		04B97BE021801DD100AD7C42 /* DownloadTask */ = {
			isa = PBXGroup;
			children = (
				04AAE07C217EEC3100CC14CC /* FSDownloadTaskDownloader.h */,
				04AAE07D217EEC3100CC14CC /* FSDownloadTaskDownloader.m */,
				04B97BE121801DF600AD7C42 /* FSDownloadTaskManager.h */,
				04B97BE221801DF600AD7C42 /* FSDownloadTaskManager.m */,
				04B97C5121806C2900AD7C42 /* FSDownloadTaskItem.h */,
				04B97C5221806C2900AD7C42 /* FSDownloadTaskItem.m */,
				04B97C5421806EDD00AD7C42 /* FSDownloadOperation.h */,
				04B97C5521806EDD00AD7C42 /* FSDownloadOperation.m */,
			);
			path = DownloadTask;
			sourceTree = "<group>";
		};
		04B97BE7218048A200AD7C42 /* XMLDictionary */ = {
			isa = PBXGroup;
			children = (
				04B97BE8218048A200AD7C42 /* XMLDictionary.h */,
				04B97BE9218048A200AD7C42 /* XMLDictionary.m */,
			);
			path = XMLDictionary;
			sourceTree = "<group>";
		};
		04E61B692195566500FF1DED /* DataTask */ = {
			isa = PBXGroup;
			children = (
				04AAE084217F17EB00CC14CC /* FSDataTaskDownloader.h */,
				04AAE085217F17EB00CC14CC /* FSDataTaskDownloader.m */,
				04E61B6D21955B0A00FF1DED /* FSDataTaskManager.h */,
				04E61B6E21955B0A00FF1DED /* FSDataTaskManager.m */,
				04E61B7321955D7200FF1DED /* FSDataTaskItem.h */,
				04E61B7021955C4000FF1DED /* FSDataTaskOperation.h */,
				04E61B7121955C4000FF1DED /* FSDataTaskOperation.m */,
				04E61B8D2196CB7F00FF1DED /* FSDataTaskConstance.h */,
				04E61B8E2196CB7F00FF1DED /* FSDataTaskConstance.m */,
			);
			path = DataTask;
			sourceTree = "<group>";
		};
		04E61B77219567F400FF1DED /* FSController05 */ = {
			isa = PBXGroup;
			children = (
				04E61B74219567EE00FF1DED /* FSController05.h */,
				04E61B75219567EE00FF1DED /* FSController05.m */,
				04E61B7E21956A4700FF1DED /* FSTaskListController.h */,
				04E61B7F21956A4700FF1DED /* FSTaskListController.m */,
				04E61B8121956A5700FF1DED /* FSDownloadListController.h */,
				04E61B8221956A5700FF1DED /* FSDownloadListController.m */,
				04E61B87219580A900FF1DED /* FSTaskListCell.h */,
				04E61B88219580A900FF1DED /* FSTaskListCell.m */,
				04E61B8A219580C700FF1DED /* FSDownloadListCell.h */,
				04E61B8B219580C700FF1DED /* FSDownloadListCell.m */,
				04E61B7B2195697A00FF1DED /* FSCell05.h */,
				04E61B7C2195697A00FF1DED /* FSCell05.m */,
				04E61B782195685400FF1DED /* FSFileItem.h */,
				04E61B792195685400FF1DED /* FSFileItem.m */,
				04E61B842195769B00FF1DED /* FSFileDownloadTool.h */,
				04E61B852195769B00FF1DED /* FSFileDownloadTool.m */,
			);
			path = FSController05;
			sourceTree = "<group>";
		};
		04E61B912196EC4800FF1DED /* FSController06 */ = {
			isa = PBXGroup;
			children = (
				04E61B922196EC6500FF1DED /* FSController06.h */,
				04E61B932196EC6500FF1DED /* FSController06.m */,
				0404810521997F9C00CD251D /* FSDLManager.h */,
				0404810621997F9C00CD251D /* FSDLManager.m */,
				040481202199B2BA00CD251D /* FSDataTaskDelegate.h */,
				040481212199B2BA00CD251D /* FSDataTaskDelegate.m */,
				040481272199C78400CD251D /* FSTaskProtocol.h */,
				04048108219980B700CD251D /* FSOperation.h */,
				04048109219980B700CD251D /* FSOperation.m */,
			);
			path = FSController06;
			sourceTree = "<group>";
		};
/* End PBXGroup section */

/* Begin PBXNativeTarget section */
		04AAE04B217D986D00CC14CC /* FSNetwork */ = {
			isa = PBXNativeTarget;
			buildConfigurationList = 04AAE062217D986F00CC14CC /* Build configuration list for PBXNativeTarget "FSNetwork" */;
			buildPhases = (
				04AAE048217D986D00CC14CC /* Sources */,
				04AAE049217D986D00CC14CC /* Frameworks */,
				04AAE04A217D986D00CC14CC /* Resources */,
			);
			buildRules = (
			);
			dependencies = (
			);
			name = FSNetwork;
			productName = FSNetwork;
			productReference = 04AAE04C217D986D00CC14CC /* FSNetwork.app */;
			productType = "com.apple.product-type.application";
		};
/* End PBXNativeTarget section */

/* Begin PBXProject section */
		04AAE044217D986D00CC14CC /* Project object */ = {
			isa = PBXProject;
			attributes = {
				LastUpgradeCheck = 0940;
				ORGANIZATIONNAME = "付森";
				TargetAttributes = {
					04AAE04B217D986D00CC14CC = {
						CreatedOnToolsVersion = 9.4.1;
					};
				};
			};
			buildConfigurationList = 04AAE047217D986D00CC14CC /* Build configuration list for PBXProject "FSNetwork" */;
			compatibilityVersion = "Xcode 9.3";
			developmentRegion = en;
			hasScannedForEncodings = 0;
			knownRegions = (
				en,
				Base,
			);
			mainGroup = 04AAE043217D986D00CC14CC;
			productRefGroup = 04AAE04D217D986D00CC14CC /* Products */;
			projectDirPath = "";
			projectRoot = "";
			targets = (
				04AAE04B217D986D00CC14CC /* FSNetwork */,
			);
		};
/* End PBXProject section */

/* Begin PBXResourcesBuildPhase section */
		04AAE04A217D986D00CC14CC /* Resources */ = {
			isa = PBXResourcesBuildPhase;
			buildActionMask = 2147483647;
			files = (
				04AAE05C217D986F00CC14CC /* LaunchScreen.storyboard in Resources */,
				04AAE059217D986F00CC14CC /* Assets.xcassets in Resources */,
			);
			runOnlyForDeploymentPostprocessing = 0;
		};
/* End PBXResourcesBuildPhase section */

/* Begin PBXSourcesBuildPhase section */
		04AAE048217D986D00CC14CC /* Sources */ = {
			isa = PBXSourcesBuildPhase;
			buildActionMask = 2147483647;
			files = (
				04AAE071217E0F7D00CC14CC /* FSBaseViewController.m in Sources */,
				04E61B7A2195685400FF1DED /* FSFileItem.m in Sources */,
				04AAE077217E114300CC14CC /* FSController01.m in Sources */,
				04048134219AC93F00CD251D /* FSTaskListCell07.m in Sources */,
				04B97C5621806EDD00AD7C42 /* FSDownloadOperation.m in Sources */,
				0404811A2199864300CD251D /* AFURLResponseSerialization.m in Sources */,
				04B97C5321806C2900AD7C42 /* FSDownloadTaskItem.m in Sources */,
				04B97BE321801DF600AD7C42 /* FSDownloadTaskManager.m in Sources */,
				04E61B862195769B00FF1DED /* FSFileDownloadTool.m in Sources */,
				04048137219AC95D00CD251D /* FSDownloadListCell07.m in Sources */,
				0404811F2199864300CD251D /* AFSecurityPolicy.m in Sources */,
				04B97BEA218048A200AD7C42 /* XMLDictionary.m in Sources */,
				04E61B8C219580C700FF1DED /* FSDownloadListCell.m in Sources */,
				0404811C2199864300CD251D /* AFURLSessionManager.m in Sources */,
				04E61B8321956A5700FF1DED /* FSDownloadListController.m in Sources */,
				04AAE083217EF89500CC14CC /* FSController02.m in Sources */,
				04E61B7D2195697A00FF1DED /* FSCell05.m in Sources */,
				0404813A219ACC3F00CD251D /* FSDLManager07.m in Sources */,
				04E61B89219580A900FF1DED /* FSTaskListCell.m in Sources */,
				04E61B6F21955B0A00FF1DED /* FSDataTaskManager.m in Sources */,
				0404811B2199864300CD251D /* AFHTTPSessionManager.m in Sources */,
				04AAE054217D986D00CC14CC /* ViewController.m in Sources */,
				04B97BD3217F5C6200AD7C42 /* FSTaskCell.m in Sources */,
				04C7E0282188554200009F87 /* FSConstance.m in Sources */,
				04E61B8021956A4700FF1DED /* FSTaskListController.m in Sources */,
				040481222199B2BA00CD251D /* FSDataTaskDelegate.m in Sources */,
				0404810A219980B700CD251D /* FSOperation.m in Sources */,
				0404812E219AC90000CD251D /* FSTaskListController07.m in Sources */,
				04E61B6C219556FB00FF1DED /* FSController04.m in Sources */,
				04E61B8F2196CB7F00FF1DED /* FSDataTaskConstance.m in Sources */,
				04E61B76219567EE00FF1DED /* FSController05.m in Sources */,
				04AAE074217E0FE100CC14CC /* FSMainVC.m in Sources */,
				04AAE07E217EEC3100CC14CC /* FSDownloadTaskDownloader.m in Sources */,
				0404811D2199864300CD251D /* AFURLRequestSerialization.m in Sources */,
				04AAE086217F17EB00CC14CC /* FSDataTaskDownloader.m in Sources */,
				04E61B7221955C4000FF1DED /* FSDataTaskOperation.m in Sources */,
				0404810721997F9C00CD251D /* FSDLManager.m in Sources */,
				04AAE05F217D986F00CC14CC /* main.m in Sources */,
				0404811E2199864300CD251D /* AFNetworkReachabilityManager.m in Sources */,
				04E61B942196EC6500FF1DED /* FSController06.m in Sources */,
				04AAE051217D986D00CC14CC /* AppDelegate.m in Sources */,
				04B97BDA217F5F1A00AD7C42 /* UIView+Frame.m in Sources */,
				04048131219AC92300CD251D /* FSDownloadListController07.m in Sources */,
				04B97BDF2180183600AD7C42 /* FSController03.m in Sources */,
				0404812B2199CBA700CD251D /* FSController07.m in Sources */,
			);
			runOnlyForDeploymentPostprocessing = 0;
		};
/* End PBXSourcesBuildPhase section */

/* Begin PBXVariantGroup section */
		04AAE05A217D986F00CC14CC /* LaunchScreen.storyboard */ = {
			isa = PBXVariantGroup;
			children = (
				04AAE05B217D986F00CC14CC /* Base */,
			);
			name = LaunchScreen.storyboard;
			sourceTree = "<group>";
		};
/* End PBXVariantGroup section */

/* Begin XCBuildConfiguration section */
		04AAE060217D986F00CC14CC /* Debug */ = {
			isa = XCBuildConfiguration;
			buildSettings = {
				ALWAYS_SEARCH_USER_PATHS = NO;
				CLANG_ANALYZER_NONNULL = YES;
				CLANG_ANALYZER_NUMBER_OBJECT_CONVERSION = YES_AGGRESSIVE;
				CLANG_CXX_LANGUAGE_STANDARD = "gnu++14";
				CLANG_CXX_LIBRARY = "libc++";
				CLANG_ENABLE_MODULES = YES;
				CLANG_ENABLE_OBJC_ARC = YES;
				CLANG_ENABLE_OBJC_WEAK = YES;
				CLANG_WARN_BLOCK_CAPTURE_AUTORELEASING = YES;
				CLANG_WARN_BOOL_CONVERSION = YES;
				CLANG_WARN_COMMA = YES;
				CLANG_WARN_CONSTANT_CONVERSION = YES;
				CLANG_WARN_DEPRECATED_OBJC_IMPLEMENTATIONS = YES;
				CLANG_WARN_DIRECT_OBJC_ISA_USAGE = YES_ERROR;
				CLANG_WARN_DOCUMENTATION_COMMENTS = YES;
				CLANG_WARN_EMPTY_BODY = YES;
				CLANG_WARN_ENUM_CONVERSION = YES;
				CLANG_WARN_INFINITE_RECURSION = YES;
				CLANG_WARN_INT_CONVERSION = YES;
				CLANG_WARN_NON_LITERAL_NULL_CONVERSION = YES;
				CLANG_WARN_OBJC_IMPLICIT_RETAIN_SELF = YES;
				CLANG_WARN_OBJC_LITERAL_CONVERSION = YES;
				CLANG_WARN_OBJC_ROOT_CLASS = YES_ERROR;
				CLANG_WARN_RANGE_LOOP_ANALYSIS = YES;
				CLANG_WARN_STRICT_PROTOTYPES = YES;
				CLANG_WARN_SUSPICIOUS_MOVE = YES;
				CLANG_WARN_UNGUARDED_AVAILABILITY = YES_AGGRESSIVE;
				CLANG_WARN_UNREACHABLE_CODE = YES;
				CLANG_WARN__DUPLICATE_METHOD_MATCH = YES;
				CODE_SIGN_IDENTITY = "iPhone Developer";
				COPY_PHASE_STRIP = NO;
				DEBUG_INFORMATION_FORMAT = dwarf;
				ENABLE_STRICT_OBJC_MSGSEND = YES;
				ENABLE_TESTABILITY = YES;
				GCC_C_LANGUAGE_STANDARD = gnu11;
				GCC_DYNAMIC_NO_PIC = NO;
				GCC_NO_COMMON_BLOCKS = YES;
				GCC_OPTIMIZATION_LEVEL = 0;
				GCC_PREPROCESSOR_DEFINITIONS = (
					"DEBUG=1",
					"$(inherited)",
				);
				GCC_WARN_64_TO_32_BIT_CONVERSION = YES;
				GCC_WARN_ABOUT_RETURN_TYPE = YES_ERROR;
				GCC_WARN_UNDECLARED_SELECTOR = YES;
				GCC_WARN_UNINITIALIZED_AUTOS = YES_AGGRESSIVE;
				GCC_WARN_UNUSED_FUNCTION = YES;
				GCC_WARN_UNUSED_VARIABLE = YES;
				IPHONEOS_DEPLOYMENT_TARGET = 11.4;
				MTL_ENABLE_DEBUG_INFO = YES;
				ONLY_ACTIVE_ARCH = YES;
				SDKROOT = iphoneos;
			};
			name = Debug;
		};
		04AAE061217D986F00CC14CC /* Release */ = {
			isa = XCBuildConfiguration;
			buildSettings = {
				ALWAYS_SEARCH_USER_PATHS = NO;
				CLANG_ANALYZER_NONNULL = YES;
				CLANG_ANALYZER_NUMBER_OBJECT_CONVERSION = YES_AGGRESSIVE;
				CLANG_CXX_LANGUAGE_STANDARD = "gnu++14";
				CLANG_CXX_LIBRARY = "libc++";
				CLANG_ENABLE_MODULES = YES;
				CLANG_ENABLE_OBJC_ARC = YES;
				CLANG_ENABLE_OBJC_WEAK = YES;
				CLANG_WARN_BLOCK_CAPTURE_AUTORELEASING = YES;
				CLANG_WARN_BOOL_CONVERSION = YES;
				CLANG_WARN_COMMA = YES;
				CLANG_WARN_CONSTANT_CONVERSION = YES;
				CLANG_WARN_DEPRECATED_OBJC_IMPLEMENTATIONS = YES;
				CLANG_WARN_DIRECT_OBJC_ISA_USAGE = YES_ERROR;
				CLANG_WARN_DOCUMENTATION_COMMENTS = YES;
				CLANG_WARN_EMPTY_BODY = YES;
				CLANG_WARN_ENUM_CONVERSION = YES;
				CLANG_WARN_INFINITE_RECURSION = YES;
				CLANG_WARN_INT_CONVERSION = YES;
				CLANG_WARN_NON_LITERAL_NULL_CONVERSION = YES;
				CLANG_WARN_OBJC_IMPLICIT_RETAIN_SELF = YES;
				CLANG_WARN_OBJC_LITERAL_CONVERSION = YES;
				CLANG_WARN_OBJC_ROOT_CLASS = YES_ERROR;
				CLANG_WARN_RANGE_LOOP_ANALYSIS = YES;
				CLANG_WARN_STRICT_PROTOTYPES = YES;
				CLANG_WARN_SUSPICIOUS_MOVE = YES;
				CLANG_WARN_UNGUARDED_AVAILABILITY = YES_AGGRESSIVE;
				CLANG_WARN_UNREACHABLE_CODE = YES;
				CLANG_WARN__DUPLICATE_METHOD_MATCH = YES;
				CODE_SIGN_IDENTITY = "iPhone Developer";
				COPY_PHASE_STRIP = NO;
				DEBUG_INFORMATION_FORMAT = "dwarf-with-dsym";
				ENABLE_NS_ASSERTIONS = NO;
				ENABLE_STRICT_OBJC_MSGSEND = YES;
				GCC_C_LANGUAGE_STANDARD = gnu11;
				GCC_NO_COMMON_BLOCKS = YES;
				GCC_WARN_64_TO_32_BIT_CONVERSION = YES;
				GCC_WARN_ABOUT_RETURN_TYPE = YES_ERROR;
				GCC_WARN_UNDECLARED_SELECTOR = YES;
				GCC_WARN_UNINITIALIZED_AUTOS = YES_AGGRESSIVE;
				GCC_WARN_UNUSED_FUNCTION = YES;
				GCC_WARN_UNUSED_VARIABLE = YES;
				IPHONEOS_DEPLOYMENT_TARGET = 11.4;
				MTL_ENABLE_DEBUG_INFO = NO;
				SDKROOT = iphoneos;
				VALIDATE_PRODUCT = YES;
			};
			name = Release;
		};
		04AAE063217D986F00CC14CC /* Debug */ = {
			isa = XCBuildConfiguration;
			buildSettings = {
				ASSETCATALOG_COMPILER_APPICON_NAME = AppIcon;
				CODE_SIGN_STYLE = Manual;
				DEVELOPMENT_TEAM = U72R3QQ45L;
				GCC_PREFIX_HEADER = FSNetwork/PrefixHeader.pch;
				INFOPLIST_FILE = FSNetwork/Info.plist;
				IPHONEOS_DEPLOYMENT_TARGET = 9.0;
				LD_RUNPATH_SEARCH_PATHS = (
					"$(inherited)",
					"@executable_path/Frameworks",
				);
				PRODUCT_BUNDLE_IDENTIFIER = com.FSNetwork;
				PRODUCT_NAME = "$(TARGET_NAME)";
				PROVISIONING_PROFILE = "05e4eb12-d57a-4830-9259-37b5dce1d277";
				PROVISIONING_PROFILE_SPECIFIER = "FastMap Team";
				TARGETED_DEVICE_FAMILY = "1,2";
			};
			name = Debug;
		};
		04AAE064217D986F00CC14CC /* Release */ = {
			isa = XCBuildConfiguration;
			buildSettings = {
				ASSETCATALOG_COMPILER_APPICON_NAME = AppIcon;
				CODE_SIGN_STYLE = Manual;
				DEVELOPMENT_TEAM = "";
				GCC_PREFIX_HEADER = FSNetwork/PrefixHeader.pch;
				INFOPLIST_FILE = FSNetwork/Info.plist;
				IPHONEOS_DEPLOYMENT_TARGET = 9.0;
				LD_RUNPATH_SEARCH_PATHS = (
					"$(inherited)",
					"@executable_path/Frameworks",
				);
				PRODUCT_BUNDLE_IDENTIFIER = com.FSNetwork;
				PRODUCT_NAME = "$(TARGET_NAME)";
				PROVISIONING_PROFILE_SPECIFIER = "";
				TARGETED_DEVICE_FAMILY = "1,2";
			};
			name = Release;
		};
/* End XCBuildConfiguration section */

/* Begin XCConfigurationList section */
		04AAE047217D986D00CC14CC /* Build configuration list for PBXProject "FSNetwork" */ = {
			isa = XCConfigurationList;
			buildConfigurations = (
				04AAE060217D986F00CC14CC /* Debug */,
				04AAE061217D986F00CC14CC /* Release */,
			);
			defaultConfigurationIsVisible = 0;
			defaultConfigurationName = Release;
		};
		04AAE062217D986F00CC14CC /* Build configuration list for PBXNativeTarget "FSNetwork" */ = {
			isa = XCConfigurationList;
			buildConfigurations = (
				04AAE063217D986F00CC14CC /* Debug */,
				04AAE064217D986F00CC14CC /* Release */,
			);
			defaultConfigurationIsVisible = 0;
			defaultConfigurationName = Release;
		};
/* End XCConfigurationList section */
	};
	rootObject = 04AAE044217D986D00CC14CC /* Project object */;
}
